
Microsoft Visual Studio Solution File, Format Version 12.00
# Visual Studio Version 17
VisualStudioVersion = 17.4.33110.190
MinimumVisualStudioVersion = 10.0.40219.1
Project("{FAE04EC0-301F-11D3-BF4B-00C04F79EFBC}") = "SampleInmemoryCrud", "SampleInmemoryCrud.csproj", "{10DA4BE7-8381-4090-BB56-B5A5F6163305}"
EndProject
Global
	GlobalSection(SolutionConfigurationPlatforms) = preSolution
		Debug|Any CPU = Debug|Any CPU
		Release|Any CPU = Release|Any CPU
	EndGlobalSection
	GlobalSection(ProjectConfigurationPlatforms) = postSolution
		{10DA4BE7-8381-4090-BB56-B5A5F6163305}.Debug|Any CPU.ActiveCfg = Debug|Any CPU
		{10DA4BE7-8381-4090-BB56-B5A5F6163305}.Debug|Any CPU.Build.0 = Debug|Any CPU
		{10DA4BE7-8381-4090-BB56-B5A5F6163305}.Release|Any CPU.ActiveCfg = Release|Any CPU
		{10DA4BE7-8381-4090-BB56-B5A5F6163305}.Release|Any CPU.Build.0 = Release|Any CPU
	EndGlobalSection
	GlobalSection(SolutionProperties) = preSolution
		HideSolutionNode = FALSE
	EndGlobalSection
	GlobalSection(ExtensibilityGlobals) = postSolution
		SolutionGuid = {69BBE289-C605-41D3-BAC9-F4AEBD35F4CB}
	EndGlobalSection
EndGlobal
